
Microsoft Visual Studio Solution File, Format Version 12.00
# Visual Studio 15
VisualStudioVersion = 15.0.28307.645
MinimumVisualStudioVersion = 10.0.40219.1
Project("{FAE04EC0-301F-11D3-BF4B-00C04F79EFBC}") = "GPSExtractEngine", "GPSExtractEngine\GPSExtractEngine.csproj", "{DC40887C-A18D-45C0-97F0-313B631D820B}"
EndProject
Global
	GlobalSection(SolutionConfigurationPlatforms) = preSolution
		Debug|Any CPU = Debug|Any CPU
		Release|Any CPU = Release|Any CPU
	EndGlobalSection
	GlobalSection(ProjectConfigurationPlatforms) = postSolution
		{DC40887C-A18D-45C0-97F0-313B631D820B}.Debug|Any CPU.ActiveCfg = Debug|Any CPU
		{DC40887C-A18D-45C0-97F0-313B631D820B}.Debug|Any CPU.Build.0 = Debug|Any CPU
		{DC40887C-A18D-45C0-97F0-313B631D820B}.Release|Any CPU.ActiveCfg = Release|Any CPU
		{DC40887C-A18D-45C0-97F0-313B631D820B}.Release|Any CPU.Build.0 = Release|Any CPU
	EndGlobalSection
	GlobalSection(SolutionProperties) = preSolution
		HideSolutionNode = FALSE
	EndGlobalSection
	GlobalSection(ExtensibilityGlobals) = postSolution
		SolutionGuid = {BC531FDC-71E0-4771-A7C2-F106B9EC07B6}
	EndGlobalSection
EndGlobal
